
Microsoft Visual Studio Solution File, Format Version 12.00
# Visual Studio Version 16
VisualStudioVersion = 16.0.29709.97
MinimumVisualStudioVersion = 10.0.40219.1
Project("{FAE04EC0-301F-11D3-BF4B-00C04F79EFBC}") = "Projeto2020", "Projeto2020\Projeto2020.csproj", "{0219625B-7168-475E-ADB0-9CF92D8EAFCF}"
EndProject
Global
	GlobalSection(SolutionConfigurationPlatforms) = preSolution
		Debug|Any CPU = Debug|Any CPU
		Release|Any CPU = Release|Any CPU
	EndGlobalSection
	GlobalSection(ProjectConfigurationPlatforms) = postSolution
		{0219625B-7168-475E-ADB0-9CF92D8EAFCF}.Debug|Any CPU.ActiveCfg = Debug|Any CPU
		{0219625B-7168-475E-ADB0-9CF92D8EAFCF}.Debug|Any CPU.Build.0 = Debug|Any CPU
		{0219625B-7168-475E-ADB0-9CF92D8EAFCF}.Release|Any CPU.ActiveCfg = Release|Any CPU
		{0219625B-7168-475E-ADB0-9CF92D8EAFCF}.Release|Any CPU.Build.0 = Release|Any CPU
	EndGlobalSection
	GlobalSection(SolutionProperties) = preSolution
		HideSolutionNode = FALSE
	EndGlobalSection
	GlobalSection(ExtensibilityGlobals) = postSolution
		SolutionGuid = {D4AD2874-CB74-4514-B5EB-C4B586A2A0EC}
	EndGlobalSection
EndGlobal
